// !$*UTF8*$!
{
	archiveVersion = 1;
	classes = {
	};
	objectVersion = 55;
	objects = {

/* Begin PBXBuildFile section */
		BF35F83B2A7BB22600A528D9 /* AppDelegate.swift in Sources */ = {isa = PBXBuildFile; fileRef = BF35F83A2A7BB22600A528D9 /* AppDelegate.swift */; };
		BF35F83D2A7BB22600A528D9 /* SceneDelegate.swift in Sources */ = {isa = PBXBuildFile; fileRef = BF35F83C2A7BB22600A528D9 /* SceneDelegate.swift */; };
		BF35F83F2A7BB22600A528D9 /* ViewController.swift in Sources */ = {isa = PBXBuildFile; fileRef = BF35F83E2A7BB22600A528D9 /* ViewController.swift */; };
		BF35F8422A7BB22600A528D9 /* Main.storyboard in Resources */ = {isa = PBXBuildFile; fileRef = BF35F8402A7BB22600A528D9 /* Main.storyboard */; };
		BF35F8442A7BB22800A528D9 /* Assets.xcassets in Resources */ = {isa = PBXBuildFile; fileRef = BF35F8432A7BB22800A528D9 /* Assets.xcassets */; };
		BF35F8472A7BB22800A528D9 /* LaunchScreen.storyboard in Resources */ = {isa = PBXBuildFile; fileRef = BF35F8452A7BB22800A528D9 /* LaunchScreen.storyboard */; };
		BF35F8662A7BBFCC00A528D9 /* ApiManager.swift in Sources */ = {isa = PBXBuildFile; fileRef = BF35F8652A7BBFCC00A528D9 /* ApiManager.swift */; };
		BF35F8882A7BE89F00A528D9 /* LoginViewController.swift in Sources */ = {isa = PBXBuildFile; fileRef = BF35F8872A7BE89F00A528D9 /* LoginViewController.swift */; };
		BF8B0BCC2AC1CB6600640E81 /* VMSMobileSDK.framework in Frameworks */ = {isa = PBXBuildFile; fileRef = BF8B0BCB2AC1CB6600640E81 /* VMSMobileSDK.framework */; };
		BF8B0BCD2AC1CB6700640E81 /* VMSMobileSDK.framework in Embed Frameworks */ = {isa = PBXBuildFile; fileRef = BF8B0BCB2AC1CB6600640E81 /* VMSMobileSDK.framework */; settings = {ATTRIBUTES = (CodeSignOnCopy, RemoveHeadersOnCopy, ); }; };
/* End PBXBuildFile section */

/* Begin PBXCopyFilesBuildPhase section */
		BF8B0BCE2AC1CB6700640E81 /* Embed Frameworks */ = {
			isa = PBXCopyFilesBuildPhase;
			buildActionMask = 2147483647;
			dstPath = "";
			dstSubfolderSpec = 10;
			files = (
				BF8B0BCD2AC1CB6700640E81 /* VMSMobileSDK.framework in Embed Frameworks */,
			);
			name = "Embed Frameworks";
			runOnlyForDeploymentPostprocessing = 0;
		};
/* End PBXCopyFilesBuildPhase section */

/* Begin PBXFileReference section */
		BF35F8372A7BB22600A528D9 /* VMSMobileSDKExample.app */ = {isa = PBXFileReference; explicitFileType = wrapper.application; includeInIndex = 0; path = VMSMobileSDKExample.app; sourceTree = BUILT_PRODUCTS_DIR; };
		BF35F83A2A7BB22600A528D9 /* AppDelegate.swift */ = {isa = PBXFileReference; lastKnownFileType = sourcecode.swift; path = AppDelegate.swift; sourceTree = "<group>"; };
		BF35F83C2A7BB22600A528D9 /* SceneDelegate.swift */ = {isa = PBXFileReference; lastKnownFileType = sourcecode.swift; path = SceneDelegate.swift; sourceTree = "<group>"; };
		BF35F83E2A7BB22600A528D9 /* ViewController.swift */ = {isa = PBXFileReference; lastKnownFileType = sourcecode.swift; path = ViewController.swift; sourceTree = "<group>"; };
		BF35F8412A7BB22600A528D9 /* Base */ = {isa = PBXFileReference; lastKnownFileType = file.storyboard; name = Base; path = Base.lproj/Main.storyboard; sourceTree = "<group>"; };
		BF35F8432A7BB22800A528D9 /* Assets.xcassets */ = {isa = PBXFileReference; lastKnownFileType = folder.assetcatalog; path = Assets.xcassets; sourceTree = "<group>"; };
		BF35F8462A7BB22800A528D9 /* Base */ = {isa = PBXFileReference; lastKnownFileType = file.storyboard; name = Base; path = Base.lproj/LaunchScreen.storyboard; sourceTree = "<group>"; };
		BF35F8482A7BB22800A528D9 /* Info.plist */ = {isa = PBXFileReference; lastKnownFileType = text.plist.xml; path = Info.plist; sourceTree = "<group>"; };
		BF35F8652A7BBFCC00A528D9 /* ApiManager.swift */ = {isa = PBXFileReference; lastKnownFileType = sourcecode.swift; path = ApiManager.swift; sourceTree = "<group>"; };
		BF35F8872A7BE89F00A528D9 /* LoginViewController.swift */ = {isa = PBXFileReference; lastKnownFileType = sourcecode.swift; path = LoginViewController.swift; sourceTree = "<group>"; };
		BF8B0BCB2AC1CB6600640E81 /* VMSMobileSDK.framework */ = {isa = PBXFileReference; lastKnownFileType = wrapper.framework; name = VMSMobileSDK.framework; path = VMSMobileSDKExample/VMSMobileSDK.framework; sourceTree = "<group>"; };
/* End PBXFileReference section */

/* Begin PBXFrameworksBuildPhase section */
		BF35F8342A7BB22600A528D9 /* Frameworks */ = {
			isa = PBXFrameworksBuildPhase;
			buildActionMask = 2147483647;
			files = (
				BF8B0BCC2AC1CB6600640E81 /* VMSMobileSDK.framework in Frameworks */,
			);
			runOnlyForDeploymentPostprocessing = 0;
		};
/* End PBXFrameworksBuildPhase section */

/* Begin PBXGroup section */
		BF35F82E2A7BB22600A528D9 = {
			isa = PBXGroup;
			children = (
				BF35F8392A7BB22600A528D9 /* VMSMobileSDKExample */,
				BF35F8382A7BB22600A528D9 /* Products */,
				BF35F8522A7BB6C900A528D9 /* Frameworks */,
			);
			sourceTree = "<group>";
		};
		BF35F8382A7BB22600A528D9 /* Products */ = {
			isa = PBXGroup;
			children = (
				BF35F8372A7BB22600A528D9 /* VMSMobileSDKExample.app */,
			);
			name = Products;
			sourceTree = "<group>";
		};
		BF35F8392A7BB22600A528D9 /* VMSMobileSDKExample */ = {
			isa = PBXGroup;
			children = (
				BF35F8652A7BBFCC00A528D9 /* ApiManager.swift */,
				BF35F83A2A7BB22600A528D9 /* AppDelegate.swift */,
				BF35F83C2A7BB22600A528D9 /* SceneDelegate.swift */,
				BF35F83E2A7BB22600A528D9 /* ViewController.swift */,
				BF35F8872A7BE89F00A528D9 /* LoginViewController.swift */,
				BF35F8402A7BB22600A528D9 /* Main.storyboard */,
				BF35F8432A7BB22800A528D9 /* Assets.xcassets */,
				BF35F8452A7BB22800A528D9 /* LaunchScreen.storyboard */,
				BF35F8482A7BB22800A528D9 /* Info.plist */,
			);
			path = VMSMobileSDKExample;
			sourceTree = "<group>";
		};
		BF35F8522A7BB6C900A528D9 /* Frameworks */ = {
			isa = PBXGroup;
			children = (
				BF8B0BCB2AC1CB6600640E81 /* VMSMobileSDK.framework */,
			);
			name = Frameworks;
			sourceTree = "<group>";
		};
/* End PBXGroup section */

/* Begin PBXNativeTarget section */
		BF35F8362A7BB22600A528D9 /* VMSMobileSDKExample */ = {
			isa = PBXNativeTarget;
			buildConfigurationList = BF35F84B2A7BB22800A528D9 /* Build configuration list for PBXNativeTarget "VMSMobileSDKExample" */;
			buildPhases = (
				BF35F8332A7BB22600A528D9 /* Sources */,
				BF35F8342A7BB22600A528D9 /* Frameworks */,
				BF35F8352A7BB22600A528D9 /* Resources */,
				BF8B0BCE2AC1CB6700640E81 /* Embed Frameworks */,
			);
			buildRules = (
			);
			dependencies = (
			);
			name = VMSMobileSDKExample;
			productName = VideocontrolSDKExample;
			productReference = BF35F8372A7BB22600A528D9 /* VMSMobileSDKExample.app */;
			productType = "com.apple.product-type.application";
		};
/* End PBXNativeTarget section */

/* Begin PBXProject section */
		BF35F82F2A7BB22600A528D9 /* Project object */ = {
			isa = PBXProject;
			attributes = {
				BuildIndependentTargetsInParallel = 1;
				LastSwiftUpdateCheck = 1420;
				LastUpgradeCheck = 1420;
				TargetAttributes = {
					BF35F8362A7BB22600A528D9 = {
						CreatedOnToolsVersion = 14.2;
					};
				};
			};
			buildConfigurationList = BF35F8322A7BB22600A528D9 /* Build configuration list for PBXProject "VMSMobileSDKExample" */;
			compatibilityVersion = "Xcode 13.0";
			developmentRegion = en;
			hasScannedForEncodings = 0;
			knownRegions = (
				en,
				Base,
			);
			mainGroup = BF35F82E2A7BB22600A528D9;
			productRefGroup = BF35F8382A7BB22600A528D9 /* Products */;
			projectDirPath = "";
			projectRoot = "";
			targets = (
				BF35F8362A7BB22600A528D9 /* VMSMobileSDKExample */,
			);
		};
/* End PBXProject section */

/* Begin PBXResourcesBuildPhase section */
		BF35F8352A7BB22600A528D9 /* Resources */ = {
			isa = PBXResourcesBuildPhase;
			buildActionMask = 2147483647;
			files = (
				BF35F8472A7BB22800A528D9 /* LaunchScreen.storyboard in Resources */,
				BF35F8442A7BB22800A528D9 /* Assets.xcassets in Resources */,
				BF35F8422A7BB22600A528D9 /* Main.storyboard in Resources */,
			);
			runOnlyForDeploymentPostprocessing = 0;
		};
/* End PBXResourcesBuildPhase section */

/* Begin PBXSourcesBuildPhase section */
		BF35F8332A7BB22600A528D9 /* Sources */ = {
			isa = PBXSourcesBuildPhase;
			buildActionMask = 2147483647;
			files = (
				BF35F8662A7BBFCC00A528D9 /* ApiManager.swift in Sources */,
				BF35F83F2A7BB22600A528D9 /* ViewController.swift in Sources */,
				BF35F83B2A7BB22600A528D9 /* AppDelegate.swift in Sources */,
				BF35F8882A7BE89F00A528D9 /* LoginViewController.swift in Sources */,
				BF35F83D2A7BB22600A528D9 /* SceneDelegate.swift in Sources */,
			);
			runOnlyForDeploymentPostprocessing = 0;
		};
/* End PBXSourcesBuildPhase section */

/* Begin PBXVariantGroup section */
		BF35F8402A7BB22600A528D9 /* Main.storyboard */ = {
			isa = PBXVariantGroup;
			children = (
				BF35F8412A7BB22600A528D9 /* Base */,
			);
			name = Main.storyboard;
			sourceTree = "<group>";
		};
		BF35F8452A7BB22800A528D9 /* LaunchScreen.storyboard */ = {
			isa = PBXVariantGroup;
			children = (
				BF35F8462A7BB22800A528D9 /* Base */,
			);
			name = LaunchScreen.storyboard;
			sourceTree = "<group>";
		};
/* End PBXVariantGroup section */

/* Begin XCBuildConfiguration section */
		BF35F8492A7BB22800A528D9 /* Debug */ = {
			isa = XCBuildConfiguration;
			buildSettings = {
				ALWAYS_SEARCH_USER_PATHS = NO;
				CLANG_ANALYZER_NONNULL = YES;
				CLANG_ANALYZER_NUMBER_OBJECT_CONVERSION = YES_AGGRESSIVE;
				CLANG_CXX_LANGUAGE_STANDARD = "gnu++20";
				CLANG_ENABLE_MODULES = YES;
				CLANG_ENABLE_OBJC_ARC = YES;
				CLANG_ENABLE_OBJC_WEAK = YES;
				CLANG_WARN_BLOCK_CAPTURE_AUTORELEASING = YES;
				CLANG_WARN_BOOL_CONVERSION = YES;
				CLANG_WARN_COMMA = YES;
				CLANG_WARN_CONSTANT_CONVERSION = YES;
				CLANG_WARN_DEPRECATED_OBJC_IMPLEMENTATIONS = YES;
				CLANG_WARN_DIRECT_OBJC_ISA_USAGE = YES_ERROR;
				CLANG_WARN_DOCUMENTATION_COMMENTS = YES;
				CLANG_WARN_EMPTY_BODY = YES;
				CLANG_WARN_ENUM_CONVERSION = YES;
				CLANG_WARN_INFINITE_RECURSION = YES;
				CLANG_WARN_INT_CONVERSION = YES;
				CLANG_WARN_NON_LITERAL_NULL_CONVERSION = YES;
				CLANG_WARN_OBJC_IMPLICIT_RETAIN_SELF = YES;
				CLANG_WARN_OBJC_LITERAL_CONVERSION = YES;
				CLANG_WARN_OBJC_ROOT_CLASS = YES_ERROR;
				CLANG_WARN_QUOTED_INCLUDE_IN_FRAMEWORK_HEADER = YES;
				CLANG_WARN_RANGE_LOOP_ANALYSIS = YES;
				CLANG_WARN_STRICT_PROTOTYPES = YES;
				CLANG_WARN_SUSPICIOUS_MOVE = YES;
				CLANG_WARN_UNGUARDED_AVAILABILITY = YES_AGGRESSIVE;
				CLANG_WARN_UNREACHABLE_CODE = YES;
				CLANG_WARN__DUPLICATE_METHOD_MATCH = YES;
				COPY_PHASE_STRIP = NO;
				DEBUG_INFORMATION_FORMAT = dwarf;
				ENABLE_STRICT_OBJC_MSGSEND = YES;
				ENABLE_TESTABILITY = YES;
				GCC_C_LANGUAGE_STANDARD = gnu11;
				GCC_DYNAMIC_NO_PIC = NO;
				GCC_NO_COMMON_BLOCKS = YES;
				GCC_OPTIMIZATION_LEVEL = 0;
				GCC_PREPROCESSOR_DEFINITIONS = (
					"DEBUG=1",
					"$(inherited)",
				);
				GCC_WARN_64_TO_32_BIT_CONVERSION = YES;
				GCC_WARN_ABOUT_RETURN_TYPE = YES_ERROR;
				GCC_WARN_UNDECLARED_SELECTOR = YES;
				GCC_WARN_UNINITIALIZED_AUTOS = YES_AGGRESSIVE;
				GCC_WARN_UNUSED_FUNCTION = YES;
				GCC_WARN_UNUSED_VARIABLE = YES;
				IPHONEOS_DEPLOYMENT_TARGET = 16.2;
				MTL_ENABLE_DEBUG_INFO = INCLUDE_SOURCE;
				MTL_FAST_MATH = YES;
				ONLY_ACTIVE_ARCH = YES;
				SDKROOT = iphoneos;
				SWIFT_ACTIVE_COMPILATION_CONDITIONS = DEBUG;
				SWIFT_OPTIMIZATION_LEVEL = "-Onone";
			};
			name = Debug;
		};
		BF35F84A2A7BB22800A528D9 /* Release */ = {
			isa = XCBuildConfiguration;
			buildSettings = {
				ALWAYS_SEARCH_USER_PATHS = NO;
				CLANG_ANALYZER_NONNULL = YES;
				CLANG_ANALYZER_NUMBER_OBJECT_CONVERSION = YES_AGGRESSIVE;
				CLANG_CXX_LANGUAGE_STANDARD = "gnu++20";
				CLANG_ENABLE_MODULES = YES;
				CLANG_ENABLE_OBJC_ARC = YES;
				CLANG_ENABLE_OBJC_WEAK = YES;
				CLANG_WARN_BLOCK_CAPTURE_AUTORELEASING = YES;
				CLANG_WARN_BOOL_CONVERSION = YES;
				CLANG_WARN_COMMA = YES;
				CLANG_WARN_CONSTANT_CONVERSION = YES;
				CLANG_WARN_DEPRECATED_OBJC_IMPLEMENTATIONS = YES;
				CLANG_WARN_DIRECT_OBJC_ISA_USAGE = YES_ERROR;
				CLANG_WARN_DOCUMENTATION_COMMENTS = YES;
				CLANG_WARN_EMPTY_BODY = YES;
				CLANG_WARN_ENUM_CONVERSION = YES;
				CLANG_WARN_INFINITE_RECURSION = YES;
				CLANG_WARN_INT_CONVERSION = YES;
				CLANG_WARN_NON_LITERAL_NULL_CONVERSION = YES;
				CLANG_WARN_OBJC_IMPLICIT_RETAIN_SELF = YES;
				CLANG_WARN_OBJC_LITERAL_CONVERSION = YES;
				CLANG_WARN_OBJC_ROOT_CLASS = YES_ERROR;
				CLANG_WARN_QUOTED_INCLUDE_IN_FRAMEWORK_HEADER = YES;
				CLANG_WARN_RANGE_LOOP_ANALYSIS = YES;
				CLANG_WARN_STRICT_PROTOTYPES = YES;
				CLANG_WARN_SUSPICIOUS_MOVE = YES;
				CLANG_WARN_UNGUARDED_AVAILABILITY = YES_AGGRESSIVE;
				CLANG_WARN_UNREACHABLE_CODE = YES;
				CLANG_WARN__DUPLICATE_METHOD_MATCH = YES;
				COPY_PHASE_STRIP = NO;
				DEBUG_INFORMATION_FORMAT = "dwarf-with-dsym";
				ENABLE_NS_ASSERTIONS = NO;
				ENABLE_STRICT_OBJC_MSGSEND = YES;
				GCC_C_LANGUAGE_STANDARD = gnu11;
				GCC_NO_COMMON_BLOCKS = YES;
				GCC_WARN_64_TO_32_BIT_CONVERSION = YES;
				GCC_WARN_ABOUT_RETURN_TYPE = YES_ERROR;
				GCC_WARN_UNDECLARED_SELECTOR = YES;
				GCC_WARN_UNINITIALIZED_AUTOS = YES_AGGRESSIVE;
				GCC_WARN_UNUSED_FUNCTION = YES;
				GCC_WARN_UNUSED_VARIABLE = YES;
				IPHONEOS_DEPLOYMENT_TARGET = 16.2;
				MTL_ENABLE_DEBUG_INFO = NO;
				MTL_FAST_MATH = YES;
				SDKROOT = iphoneos;
				SWIFT_COMPILATION_MODE = wholemodule;
				SWIFT_OPTIMIZATION_LEVEL = "-O";
				VALIDATE_PRODUCT = YES;
			};
			name = Release;
		};
		BF35F84C2A7BB22800A528D9 /* Debug */ = {
			isa = XCBuildConfiguration;
			buildSettings = {
				ALWAYS_SEARCH_USER_PATHS = NO;
				ASSETCATALOG_COMPILER_APPICON_NAME = AppIcon;
				ASSETCATALOG_COMPILER_GLOBAL_ACCENT_COLOR_NAME = AccentColor;
				CODE_SIGN_STYLE = Automatic;
				CURRENT_PROJECT_VERSION = 1;
				DEVELOPMENT_TEAM = 7KY3GQTNV6;
				FRAMEWORK_SEARCH_PATHS = (
					"$(inherited)",
					"$(PROJECT_DIR)/VMSMobileSDKExample",
				);
				GENERATE_INFOPLIST_FILE = YES;
				HEADER_SEARCH_PATHS = "../FFMPEGResources/**";
				INFOPLIST_FILE = VMSMobileSDKExample/Info.plist;
				INFOPLIST_KEY_UIApplicationSupportsIndirectInputEvents = YES;
				INFOPLIST_KEY_UILaunchStoryboardName = LaunchScreen;
				INFOPLIST_KEY_UIMainStoryboardFile = Main;
				INFOPLIST_KEY_UISupportedInterfaceOrientations_iPad = "UIInterfaceOrientationPortrait UIInterfaceOrientationPortraitUpsideDown UIInterfaceOrientationLandscapeLeft UIInterfaceOrientationLandscapeRight";
				INFOPLIST_KEY_UISupportedInterfaceOrientations_iPhone = "UIInterfaceOrientationPortrait UIInterfaceOrientationLandscapeLeft UIInterfaceOrientationLandscapeRight";
				LD_RUNPATH_SEARCH_PATHS = (
					"$(inherited)",
					"@executable_path/Frameworks",
				);
				MARKETING_VERSION = 1.0;
				PRODUCT_BUNDLE_IDENTIFIER = com.mobile.VMSMobileSDKExample;
				PRODUCT_NAME = "$(TARGET_NAME)";
				SUPPORTED_PLATFORMS = "iphoneos iphonesimulator";
				SUPPORTS_MACCATALYST = NO;
				SUPPORTS_MAC_DESIGNED_FOR_IPHONE_IPAD = NO;
				SWIFT_EMIT_LOC_STRINGS = YES;
				SWIFT_VERSION = 5.0;
				TARGETED_DEVICE_FAMILY = "1,2";
			};
			name = Debug;
		};
		BF35F84D2A7BB22800A528D9 /* Release */ = {
			isa = XCBuildConfiguration;
			buildSettings = {
				ALWAYS_SEARCH_USER_PATHS = NO;
				ASSETCATALOG_COMPILER_APPICON_NAME = AppIcon;
				ASSETCATALOG_COMPILER_GLOBAL_ACCENT_COLOR_NAME = AccentColor;
				CODE_SIGN_STYLE = Automatic;
				CURRENT_PROJECT_VERSION = 1;
				DEVELOPMENT_TEAM = 7KY3GQTNV6;
				FRAMEWORK_SEARCH_PATHS = (
					"$(inherited)",
					"$(PROJECT_DIR)/VMSMobileSDKExample",
				);
				GENERATE_INFOPLIST_FILE = YES;
				HEADER_SEARCH_PATHS = "../FFMPEGResources/**";
				INFOPLIST_FILE = VMSMobileSDKExample/Info.plist;
				INFOPLIST_KEY_UIApplicationSupportsIndirectInputEvents = YES;
				INFOPLIST_KEY_UILaunchStoryboardName = LaunchScreen;
				INFOPLIST_KEY_UIMainStoryboardFile = Main;
				INFOPLIST_KEY_UISupportedInterfaceOrientations_iPad = "UIInterfaceOrientationPortrait UIInterfaceOrientationPortraitUpsideDown UIInterfaceOrientationLandscapeLeft UIInterfaceOrientationLandscapeRight";
				INFOPLIST_KEY_UISupportedInterfaceOrientations_iPhone = "UIInterfaceOrientationPortrait UIInterfaceOrientationLandscapeLeft UIInterfaceOrientationLandscapeRight";
				LD_RUNPATH_SEARCH_PATHS = (
					"$(inherited)",
					"@executable_path/Frameworks",
				);
				MARKETING_VERSION = 1.0;
				PRODUCT_BUNDLE_IDENTIFIER = com.mobile.VMSMobileSDKExample;
				PRODUCT_NAME = "$(TARGET_NAME)";
				SUPPORTED_PLATFORMS = "iphoneos iphonesimulator";
				SUPPORTS_MACCATALYST = NO;
				SUPPORTS_MAC_DESIGNED_FOR_IPHONE_IPAD = NO;
				SWIFT_EMIT_LOC_STRINGS = YES;
				SWIFT_VERSION = 5.0;
				TARGETED_DEVICE_FAMILY = "1,2";
			};
			name = Release;
		};
/* End XCBuildConfiguration section */

/* Begin XCConfigurationList section */
		BF35F8322A7BB22600A528D9 /* Build configuration list for PBXProject "VMSMobileSDKExample" */ = {
			isa = XCConfigurationList;
			buildConfigurations = (
				BF35F8492A7BB22800A528D9 /* Debug */,
				BF35F84A2A7BB22800A528D9 /* Release */,
			);
			defaultConfigurationIsVisible = 0;
			defaultConfigurationName = Release;
		};
		BF35F84B2A7BB22800A528D9 /* Build configuration list for PBXNativeTarget "VMSMobileSDKExample" */ = {
			isa = XCConfigurationList;
			buildConfigurations = (
				BF35F84C2A7BB22800A528D9 /* Debug */,
				BF35F84D2A7BB22800A528D9 /* Release */,
			);
			defaultConfigurationIsVisible = 0;
			defaultConfigurationName = Release;
		};
/* End XCConfigurationList section */
	};
	rootObject = BF35F82F2A7BB22600A528D9 /* Project object */;
}
